
Microsoft Visual Studio Solution File, Format Version 12.00
# Visual Studio 14
VisualStudioVersion = 14.0.25420.1
MinimumVisualStudioVersion = 10.0.40219.1
Project("{FAE04EC0-301F-11D3-BF4B-00C04F79EFBC}") = "App1", "App1\App1\App1.csproj", "{54B5CD02-704C-4835-8C36-C6EFB5B4C99C}"
EndProject
Project("{FAE04EC0-301F-11D3-BF4B-00C04F79EFBC}") = "App1.Droid", "App1\App1.Droid\App1.Droid.csproj", "{5382F366-1452-422A-8F44-C00C46153C72}"
EndProject
Project("{FAE04EC0-301F-11D3-BF4B-00C04F79EFBC}") = "App1.iOS", "App1\App1.iOS\App1.iOS.csproj", "{F44F7B02-0655-4D4B-AF61-7CCD8AB0C1AD}"
EndProject
Project("{FAE04EC0-301F-11D3-BF4B-00C04F79EFBC}") = "App1.WinPhone", "App1\App1.WinPhone\App1.WinPhone.csproj", "{B461033F-A7F4-432A-B944-A3A71ABAC23C}"
EndProject
Project("{FAE04EC0-301F-11D3-BF4B-00C04F79EFBC}") = "App1.UWP", "App1\App1.UWP\App1.UWP.csproj", "{57193440-8670-4B74-9825-E126BE4F2A57}"
EndProject
Project("{FAE04EC0-301F-11D3-BF4B-00C04F79EFBC}") = "App1.Windows", "App1\App1.Windows\App1.Windows.csproj", "{0B899701-5C08-449D-9568-A3DC621B9CA8}"
EndProject
Global
	GlobalSection(SolutionConfigurationPlatforms) = preSolution
		Ad-Hoc|Any CPU = Ad-Hoc|Any CPU
		Ad-Hoc|ARM = Ad-Hoc|ARM
		Ad-Hoc|iPhone = Ad-Hoc|iPhone
		Ad-Hoc|iPhoneSimulator = Ad-Hoc|iPhoneSimulator
		Ad-Hoc|x64 = Ad-Hoc|x64
		Ad-Hoc|x86 = Ad-Hoc|x86
		AppStore|Any CPU = AppStore|Any CPU
		AppStore|ARM = AppStore|ARM
		AppStore|iPhone = AppStore|iPhone
		AppStore|iPhoneSimulator = AppStore|iPhoneSimulator
		AppStore|x64 = AppStore|x64
		AppStore|x86 = AppStore|x86
		Debug|Any CPU = Debug|Any CPU
		Debug|ARM = Debug|ARM
		Debug|iPhone = Debug|iPhone
		Debug|iPhoneSimulator = Debug|iPhoneSimulator
		Debug|x64 = Debug|x64
		Debug|x86 = Debug|x86
		Release|Any CPU = Release|Any CPU
		Release|ARM = Release|ARM
		Release|iPhone = Release|iPhone
		Release|iPhoneSimulator = Release|iPhoneSimulator
		Release|x64 = Release|x64
		Release|x86 = Release|x86
	EndGlobalSection
	GlobalSection(ProjectConfigurationPlatforms) = postSolution
		{54B5CD02-704C-4835-8C36-C6EFB5B4C99C}.Ad-Hoc|Any CPU.ActiveCfg = Release|Any CPU
		{54B5CD02-704C-4835-8C36-C6EFB5B4C99C}.Ad-Hoc|Any CPU.Build.0 = Release|Any CPU
		{54B5CD02-704C-4835-8C36-C6EFB5B4C99C}.Ad-Hoc|ARM.ActiveCfg = Release|Any CPU
		{54B5CD02-704C-4835-8C36-C6EFB5B4C99C}.Ad-Hoc|ARM.Build.0 = Release|Any CPU
		{54B5CD02-704C-4835-8C36-C6EFB5B4C99C}.Ad-Hoc|iPhone.ActiveCfg = Release|Any CPU
		{54B5CD02-704C-4835-8C36-C6EFB5B4C99C}.Ad-Hoc|iPhone.Build.0 = Release|Any CPU
		{54B5CD02-704C-4835-8C36-C6EFB5B4C99C}.Ad-Hoc|iPhoneSimulator.ActiveCfg = Release|Any CPU
		{54B5CD02-704C-4835-8C36-C6EFB5B4C99C}.Ad-Hoc|iPhoneSimulator.Build.0 = Release|Any CPU
		{54B5CD02-704C-4835-8C36-C6EFB5B4C99C}.Ad-Hoc|x64.ActiveCfg = Release|Any CPU
		{54B5CD02-704C-4835-8C36-C6EFB5B4C99C}.Ad-Hoc|x64.Build.0 = Release|Any CPU
		{54B5CD02-704C-4835-8C36-C6EFB5B4C99C}.Ad-Hoc|x86.ActiveCfg = Release|Any CPU
		{54B5CD02-704C-4835-8C36-C6EFB5B4C99C}.Ad-Hoc|x86.Build.0 = Release|Any CPU
		{54B5CD02-704C-4835-8C36-C6EFB5B4C99C}.AppStore|Any CPU.ActiveCfg = Release|Any CPU
		{54B5CD02-704C-4835-8C36-C6EFB5B4C99C}.AppStore|Any CPU.Build.0 = Release|Any CPU
		{54B5CD02-704C-4835-8C36-C6EFB5B4C99C}.AppStore|ARM.ActiveCfg = Release|Any CPU
		{54B5CD02-704C-4835-8C36-C6EFB5B4C99C}.AppStore|ARM.Build.0 = Release|Any CPU
		{54B5CD02-704C-4835-8C36-C6EFB5B4C99C}.AppStore|iPhone.ActiveCfg = Release|Any CPU
		{54B5CD02-704C-4835-8C36-C6EFB5B4C99C}.AppStore|iPhone.Build.0 = Release|Any CPU
		{54B5CD02-704C-4835-8C36-C6EFB5B4C99C}.AppStore|iPhoneSimulator.ActiveCfg = Release|Any CPU
		{54B5CD02-704C-4835-8C36-C6EFB5B4C99C}.AppStore|iPhoneSimulator.Build.0 = Release|Any CPU
		{54B5CD02-704C-4835-8C36-C6EFB5B4C99C}.AppStore|x64.ActiveCfg = Release|Any CPU
		{54B5CD02-704C-4835-8C36-C6EFB5B4C99C}.AppStore|x64.Build.0 = Release|Any CPU
		{54B5CD02-704C-4835-8C36-C6EFB5B4C99C}.AppStore|x86.ActiveCfg = Release|Any CPU
		{54B5CD02-704C-4835-8C36-C6EFB5B4C99C}.AppStore|x86.Build.0 = Release|Any CPU
		{54B5CD02-704C-4835-8C36-C6EFB5B4C99C}.Debug|Any CPU.ActiveCfg = Debug|Any CPU
		{54B5CD02-704C-4835-8C36-C6EFB5B4C99C}.Debug|Any CPU.Build.0 = Debug|Any CPU
		{54B5CD02-704C-4835-8C36-C6EFB5B4C99C}.Debug|ARM.ActiveCfg = Debug|Any CPU
		{54B5CD02-704C-4835-8C36-C6EFB5B4C99C}.Debug|ARM.Build.0 = Debug|Any CPU
		{54B5CD02-704C-4835-8C36-C6EFB5B4C99C}.Debug|iPhone.ActiveCfg = Debug|Any CPU
		{54B5CD02-704C-4835-8C36-C6EFB5B4C99C}.Debug|iPhone.Build.0 = Debug|Any CPU
		{54B5CD02-704C-4835-8C36-C6EFB5B4C99C}.Debug|iPhoneSimulator.ActiveCfg = Debug|Any CPU
		{54B5CD02-704C-4835-8C36-C6EFB5B4C99C}.Debug|iPhoneSimulator.Build.0 = Debug|Any CPU
		{54B5CD02-704C-4835-8C36-C6EFB5B4C99C}.Debug|x64.ActiveCfg = Debug|Any CPU
		{54B5CD02-704C-4835-8C36-C6EFB5B4C99C}.Debug|x64.Build.0 = Debug|Any CPU
		{54B5CD02-704C-4835-8C36-C6EFB5B4C99C}.Debug|x86.ActiveCfg = Debug|Any CPU
		{54B5CD02-704C-4835-8C36-C6EFB5B4C99C}.Debug|x86.Build.0 = Debug|Any CPU
		{54B5CD02-704C-4835-8C36-C6EFB5B4C99C}.Release|Any CPU.ActiveCfg = Release|Any CPU
		{54B5CD02-704C-4835-8C36-C6EFB5B4C99C}.Release|Any CPU.Build.0 = Release|Any CPU
		{54B5CD02-704C-4835-8C36-C6EFB5B4C99C}.Release|ARM.ActiveCfg = Release|Any CPU
		{54B5CD02-704C-4835-8C36-C6EFB5B4C99C}.Release|ARM.Build.0 = Release|Any CPU
		{54B5CD02-704C-4835-8C36-C6EFB5B4C99C}.Release|iPhone.ActiveCfg = Release|Any CPU
		{54B5CD02-704C-4835-8C36-C6EFB5B4C99C}.Release|iPhone.Build.0 = Release|Any CPU
		{54B5CD02-704C-4835-8C36-C6EFB5B4C99C}.Release|iPhoneSimulator.ActiveCfg = Release|Any CPU
		{54B5CD02-704C-4835-8C36-C6EFB5B4C99C}.Release|iPhoneSimulator.Build.0 = Release|Any CPU
		{54B5CD02-704C-4835-8C36-C6EFB5B4C99C}.Release|x64.ActiveCfg = Release|Any CPU
		{54B5CD02-704C-4835-8C36-C6EFB5B4C99C}.Release|x64.Build.0 = Release|Any CPU
		{54B5CD02-704C-4835-8C36-C6EFB5B4C99C}.Release|x86.ActiveCfg = Release|Any CPU
		{54B5CD02-704C-4835-8C36-C6EFB5B4C99C}.Release|x86.Build.0 = Release|Any CPU
		{5382F366-1452-422A-8F44-C00C46153C72}.Ad-Hoc|Any CPU.ActiveCfg = Release|Any CPU
		{5382F366-1452-422A-8F44-C00C46153C72}.Ad-Hoc|Any CPU.Build.0 = Release|Any CPU
		{5382F366-1452-422A-8F44-C00C46153C72}.Ad-Hoc|Any CPU.Deploy.0 = Release|Any CPU
		{5382F366-1452-422A-8F44-C00C46153C72}.Ad-Hoc|ARM.ActiveCfg = Release|Any CPU
		{5382F366-1452-422A-8F44-C00C46153C72}.Ad-Hoc|ARM.Build.0 = Release|Any CPU
		{5382F366-1452-422A-8F44-C00C46153C72}.Ad-Hoc|ARM.Deploy.0 = Release|Any CPU
		{5382F366-1452-422A-8F44-C00C46153C72}.Ad-Hoc|iPhone.ActiveCfg = Release|Any CPU
		{5382F366-1452-422A-8F44-C00C46153C72}.Ad-Hoc|iPhone.Build.0 = Release|Any CPU
		{5382F366-1452-422A-8F44-C00C46153C72}.Ad-Hoc|iPhone.Deploy.0 = Release|Any CPU
		{5382F366-1452-422A-8F44-C00C46153C72}.Ad-Hoc|iPhoneSimulator.ActiveCfg = Release|Any CPU
		{5382F366-1452-422A-8F44-C00C46153C72}.Ad-Hoc|iPhoneSimulator.Build.0 = Release|Any CPU
		{5382F366-1452-422A-8F44-C00C46153C72}.Ad-Hoc|iPhoneSimulator.Deploy.0 = Release|Any CPU
		{5382F366-1452-422A-8F44-C00C46153C72}.Ad-Hoc|x64.ActiveCfg = Release|Any CPU
		{5382F366-1452-422A-8F44-C00C46153C72}.Ad-Hoc|x64.Build.0 = Release|Any CPU
		{5382F366-1452-422A-8F44-C00C46153C72}.Ad-Hoc|x64.Deploy.0 = Release|Any CPU
		{5382F366-1452-422A-8F44-C00C46153C72}.Ad-Hoc|x86.ActiveCfg = Release|Any CPU
		{5382F366-1452-422A-8F44-C00C46153C72}.Ad-Hoc|x86.Build.0 = Release|Any CPU
		{5382F366-1452-422A-8F44-C00C46153C72}.Ad-Hoc|x86.Deploy.0 = Release|Any CPU
		{5382F366-1452-422A-8F44-C00C46153C72}.AppStore|Any CPU.ActiveCfg = Release|Any CPU
		{5382F366-1452-422A-8F44-C00C46153C72}.AppStore|Any CPU.Build.0 = Release|Any CPU
		{5382F366-1452-422A-8F44-C00C46153C72}.AppStore|Any CPU.Deploy.0 = Release|Any CPU
		{5382F366-1452-422A-8F44-C00C46153C72}.AppStore|ARM.ActiveCfg = Release|Any CPU
		{5382F366-1452-422A-8F44-C00C46153C72}.AppStore|ARM.Build.0 = Release|Any CPU
		{5382F366-1452-422A-8F44-C00C46153C72}.AppStore|ARM.Deploy.0 = Release|Any CPU
		{5382F366-1452-422A-8F44-C00C46153C72}.AppStore|iPhone.ActiveCfg = Release|Any CPU
		{5382F366-1452-422A-8F44-C00C46153C72}.AppStore|iPhone.Build.0 = Release|Any CPU
		{5382F366-1452-422A-8F44-C00C46153C72}.AppStore|iPhone.Deploy.0 = Release|Any CPU
		{5382F366-1452-422A-8F44-C00C46153C72}.AppStore|iPhoneSimulator.ActiveCfg = Release|Any CPU
		{5382F366-1452-422A-8F44-C00C46153C72}.AppStore|iPhoneSimulator.Build.0 = Release|Any CPU
		{5382F366-1452-422A-8F44-C00C46153C72}.AppStore|iPhoneSimulator.Deploy.0 = Release|Any CPU
		{5382F366-1452-422A-8F44-C00C46153C72}.AppStore|x64.ActiveCfg = Release|Any CPU
		{5382F366-1452-422A-8F44-C00C46153C72}.AppStore|x64.Build.0 = Release|Any CPU
		{5382F366-1452-422A-8F44-C00C46153C72}.AppStore|x64.Deploy.0 = Release|Any CPU
		{5382F366-1452-422A-8F44-C00C46153C72}.AppStore|x86.ActiveCfg = Release|Any CPU
		{5382F366-1452-422A-8F44-C00C46153C72}.AppStore|x86.Build.0 = Release|Any CPU
		{5382F366-1452-422A-8F44-C00C46153C72}.AppStore|x86.Deploy.0 = Release|Any CPU
		{5382F366-1452-422A-8F44-C00C46153C72}.Debug|Any CPU.ActiveCfg = Debug|Any CPU
		{5382F366-1452-422A-8F44-C00C46153C72}.Debug|Any CPU.Build.0 = Debug|Any CPU
		{5382F366-1452-422A-8F44-C00C46153C72}.Debug|Any CPU.Deploy.0 = Debug|Any CPU
		{5382F366-1452-422A-8F44-C00C46153C72}.Debug|ARM.ActiveCfg = Debug|Any CPU
		{5382F366-1452-422A-8F44-C00C46153C72}.Debug|ARM.Build.0 = Debug|Any CPU
		{5382F366-1452-422A-8F44-C00C46153C72}.Debug|ARM.Deploy.0 = Debug|Any CPU
		{5382F366-1452-422A-8F44-C00C46153C72}.Debug|iPhone.ActiveCfg = Debug|Any CPU
		{5382F366-1452-422A-8F44-C00C46153C72}.Debug|iPhone.Build.0 = Debug|Any CPU
		{5382F366-1452-422A-8F44-C00C46153C72}.Debug|iPhone.Deploy.0 = Debug|Any CPU
		{5382F366-1452-422A-8F44-C00C46153C72}.Debug|iPhoneSimulator.ActiveCfg = Debug|Any CPU
		{5382F366-1452-422A-8F44-C00C46153C72}.Debug|iPhoneSimulator.Build.0 = Debug|Any CPU
		{5382F366-1452-422A-8F44-C00C46153C72}.Debug|iPhoneSimulator.Deploy.0 = Debug|Any CPU
		{5382F366-1452-422A-8F44-C00C46153C72}.Debug|x64.ActiveCfg = Debug|Any CPU
		{5382F366-1452-422A-8F44-C00C46153C72}.Debug|x64.Build.0 = Debug|Any CPU
		{5382F366-1452-422A-8F44-C00C46153C72}.Debug|x64.Deploy.0 = Debug|Any CPU
		{5382F366-1452-422A-8F44-C00C46153C72}.Debug|x86.ActiveCfg = Debug|Any CPU
		{5382F366-1452-422A-8F44-C00C46153C72}.Debug|x86.Build.0 = Debug|Any CPU
		{5382F366-1452-422A-8F44-C00C46153C72}.Debug|x86.Deploy.0 = Debug|Any CPU
		{5382F366-1452-422A-8F44-C00C46153C72}.Release|Any CPU.ActiveCfg = Release|Any CPU
		{5382F366-1452-422A-8F44-C00C46153C72}.Release|Any CPU.Build.0 = Release|Any CPU
		{5382F366-1452-422A-8F44-C00C46153C72}.Release|Any CPU.Deploy.0 = Release|Any CPU
		{5382F366-1452-422A-8F44-C00C46153C72}.Release|ARM.ActiveCfg = Release|Any CPU
		{5382F366-1452-422A-8F44-C00C46153C72}.Release|ARM.Build.0 = Release|Any CPU
		{5382F366-1452-422A-8F44-C00C46153C72}.Release|ARM.Deploy.0 = Release|Any CPU
		{5382F366-1452-422A-8F44-C00C46153C72}.Release|iPhone.ActiveCfg = Release|Any CPU
		{5382F366-1452-422A-8F44-C00C46153C72}.Release|iPhone.Build.0 = Release|Any CPU
		{5382F366-1452-422A-8F44-C00C46153C72}.Release|iPhone.Deploy.0 = Release|Any CPU
		{5382F366-1452-422A-8F44-C00C46153C72}.Release|iPhoneSimulator.ActiveCfg = Release|Any CPU
		{5382F366-1452-422A-8F44-C00C46153C72}.Release|iPhoneSimulator.Build.0 = Release|Any CPU
		{5382F366-1452-422A-8F44-C00C46153C72}.Release|iPhoneSimulator.Deploy.0 = Release|Any CPU
		{5382F366-1452-422A-8F44-C00C46153C72}.Release|x64.ActiveCfg = Release|Any CPU
		{5382F366-1452-422A-8F44-C00C46153C72}.Release|x64.Build.0 = Release|Any CPU
		{5382F366-1452-422A-8F44-C00C46153C72}.Release|x64.Deploy.0 = Release|Any CPU
		{5382F366-1452-422A-8F44-C00C46153C72}.Release|x86.ActiveCfg = Release|Any CPU
		{5382F366-1452-422A-8F44-C00C46153C72}.Release|x86.Build.0 = Release|Any CPU
		{5382F366-1452-422A-8F44-C00C46153C72}.Release|x86.Deploy.0 = Release|Any CPU
		{F44F7B02-0655-4D4B-AF61-7CCD8AB0C1AD}.Ad-Hoc|Any CPU.ActiveCfg = Ad-Hoc|iPhone
		{F44F7B02-0655-4D4B-AF61-7CCD8AB0C1AD}.Ad-Hoc|ARM.ActiveCfg = Ad-Hoc|iPhone
		{F44F7B02-0655-4D4B-AF61-7CCD8AB0C1AD}.Ad-Hoc|iPhone.ActiveCfg = Ad-Hoc|iPhone
		{F44F7B02-0655-4D4B-AF61-7CCD8AB0C1AD}.Ad-Hoc|iPhone.Build.0 = Ad-Hoc|iPhone
		{F44F7B02-0655-4D4B-AF61-7CCD8AB0C1AD}.Ad-Hoc|iPhoneSimulator.ActiveCfg = Ad-Hoc|iPhoneSimulator
		{F44F7B02-0655-4D4B-AF61-7CCD8AB0C1AD}.Ad-Hoc|iPhoneSimulator.Build.0 = Ad-Hoc|iPhoneSimulator
		{F44F7B02-0655-4D4B-AF61-7CCD8AB0C1AD}.Ad-Hoc|x64.ActiveCfg = Ad-Hoc|iPhone
		{F44F7B02-0655-4D4B-AF61-7CCD8AB0C1AD}.Ad-Hoc|x86.ActiveCfg = Ad-Hoc|iPhone
		{F44F7B02-0655-4D4B-AF61-7CCD8AB0C1AD}.AppStore|Any CPU.ActiveCfg = AppStore|iPhone
		{F44F7B02-0655-4D4B-AF61-7CCD8AB0C1AD}.AppStore|ARM.ActiveCfg = AppStore|iPhone
		{F44F7B02-0655-4D4B-AF61-7CCD8AB0C1AD}.AppStore|iPhone.ActiveCfg = AppStore|iPhone
		{F44F7B02-0655-4D4B-AF61-7CCD8AB0C1AD}.AppStore|iPhone.Build.0 = AppStore|iPhone
		{F44F7B02-0655-4D4B-AF61-7CCD8AB0C1AD}.AppStore|iPhoneSimulator.ActiveCfg = AppStore|iPhoneSimulator
		{F44F7B02-0655-4D4B-AF61-7CCD8AB0C1AD}.AppStore|iPhoneSimulator.Build.0 = AppStore|iPhoneSimulator
		{F44F7B02-0655-4D4B-AF61-7CCD8AB0C1AD}.AppStore|x64.ActiveCfg = AppStore|iPhone
		{F44F7B02-0655-4D4B-AF61-7CCD8AB0C1AD}.AppStore|x86.ActiveCfg = AppStore|iPhone
		{F44F7B02-0655-4D4B-AF61-7CCD8AB0C1AD}.Debug|Any CPU.ActiveCfg = Debug|iPhone
		{F44F7B02-0655-4D4B-AF61-7CCD8AB0C1AD}.Debug|ARM.ActiveCfg = Debug|iPhone
		{F44F7B02-0655-4D4B-AF61-7CCD8AB0C1AD}.Debug|iPhone.ActiveCfg = Debug|iPhone
		{F44F7B02-0655-4D4B-AF61-7CCD8AB0C1AD}.Debug|iPhone.Build.0 = Debug|iPhone
		{F44F7B02-0655-4D4B-AF61-7CCD8AB0C1AD}.Debug|iPhoneSimulator.ActiveCfg = Debug|iPhoneSimulator
		{F44F7B02-0655-4D4B-AF61-7CCD8AB0C1AD}.Debug|iPhoneSimulator.Build.0 = Debug|iPhoneSimulator
		{F44F7B02-0655-4D4B-AF61-7CCD8AB0C1AD}.Debug|x64.ActiveCfg = Debug|iPhone
		{F44F7B02-0655-4D4B-AF61-7CCD8AB0C1AD}.Debug|x86.ActiveCfg = Debug|iPhone
		{F44F7B02-0655-4D4B-AF61-7CCD8AB0C1AD}.Release|Any CPU.ActiveCfg = Release|iPhone
		{F44F7B02-0655-4D4B-AF61-7CCD8AB0C1AD}.Release|ARM.ActiveCfg = Release|iPhone
		{F44F7B02-0655-4D4B-AF61-7CCD8AB0C1AD}.Release|iPhone.ActiveCfg = Release|iPhone
		{F44F7B02-0655-4D4B-AF61-7CCD8AB0C1AD}.Release|iPhone.Build.0 = Release|iPhone
		{F44F7B02-0655-4D4B-AF61-7CCD8AB0C1AD}.Release|iPhoneSimulator.ActiveCfg = Release|iPhoneSimulator
		{F44F7B02-0655-4D4B-AF61-7CCD8AB0C1AD}.Release|iPhoneSimulator.Build.0 = Release|iPhoneSimulator
		{F44F7B02-0655-4D4B-AF61-7CCD8AB0C1AD}.Release|x64.ActiveCfg = Release|iPhone
		{F44F7B02-0655-4D4B-AF61-7CCD8AB0C1AD}.Release|x86.ActiveCfg = Release|iPhone
		{B461033F-A7F4-432A-B944-A3A71ABAC23C}.Ad-Hoc|Any CPU.ActiveCfg = Release|Any CPU
		{B461033F-A7F4-432A-B944-A3A71ABAC23C}.Ad-Hoc|Any CPU.Build.0 = Release|Any CPU
		{B461033F-A7F4-432A-B944-A3A71ABAC23C}.Ad-Hoc|Any CPU.Deploy.0 = Release|Any CPU
		{B461033F-A7F4-432A-B944-A3A71ABAC23C}.Ad-Hoc|ARM.ActiveCfg = Release|ARM
		{B461033F-A7F4-432A-B944-A3A71ABAC23C}.Ad-Hoc|ARM.Build.0 = Release|ARM
		{B461033F-A7F4-432A-B944-A3A71ABAC23C}.Ad-Hoc|ARM.Deploy.0 = Release|ARM
		{B461033F-A7F4-432A-B944-A3A71ABAC23C}.Ad-Hoc|iPhone.ActiveCfg = Release|Any CPU
		{B461033F-A7F4-432A-B944-A3A71ABAC23C}.Ad-Hoc|iPhone.Build.0 = Release|Any CPU
		{B461033F-A7F4-432A-B944-A3A71ABAC23C}.Ad-Hoc|iPhone.Deploy.0 = Release|Any CPU
		{B461033F-A7F4-432A-B944-A3A71ABAC23C}.Ad-Hoc|iPhoneSimulator.ActiveCfg = Release|Any CPU
		{B461033F-A7F4-432A-B944-A3A71ABAC23C}.Ad-Hoc|iPhoneSimulator.Build.0 = Release|Any CPU
		{B461033F-A7F4-432A-B944-A3A71ABAC23C}.Ad-Hoc|iPhoneSimulator.Deploy.0 = Release|Any CPU
		{B461033F-A7F4-432A-B944-A3A71ABAC23C}.Ad-Hoc|x64.ActiveCfg = Release|Any CPU
		{B461033F-A7F4-432A-B944-A3A71ABAC23C}.Ad-Hoc|x64.Build.0 = Release|Any CPU
		{B461033F-A7F4-432A-B944-A3A71ABAC23C}.Ad-Hoc|x64.Deploy.0 = Release|Any CPU
		{B461033F-A7F4-432A-B944-A3A71ABAC23C}.Ad-Hoc|x86.ActiveCfg = Release|x86
		{B461033F-A7F4-432A-B944-A3A71ABAC23C}.Ad-Hoc|x86.Build.0 = Release|x86
		{B461033F-A7F4-432A-B944-A3A71ABAC23C}.Ad-Hoc|x86.Deploy.0 = Release|x86
		{B461033F-A7F4-432A-B944-A3A71ABAC23C}.AppStore|Any CPU.ActiveCfg = Release|Any CPU
		{B461033F-A7F4-432A-B944-A3A71ABAC23C}.AppStore|Any CPU.Build.0 = Release|Any CPU
		{B461033F-A7F4-432A-B944-A3A71ABAC23C}.AppStore|Any CPU.Deploy.0 = Release|Any CPU
		{B461033F-A7F4-432A-B944-A3A71ABAC23C}.AppStore|ARM.ActiveCfg = Release|ARM
		{B461033F-A7F4-432A-B944-A3A71ABAC23C}.AppStore|ARM.Build.0 = Release|ARM
		{B461033F-A7F4-432A-B944-A3A71ABAC23C}.AppStore|ARM.Deploy.0 = Release|ARM
		{B461033F-A7F4-432A-B944-A3A71ABAC23C}.AppStore|iPhone.ActiveCfg = Release|Any CPU
		{B461033F-A7F4-432A-B944-A3A71ABAC23C}.AppStore|iPhone.Build.0 = Release|Any CPU
		{B461033F-A7F4-432A-B944-A3A71ABAC23C}.AppStore|iPhone.Deploy.0 = Release|Any CPU
		{B461033F-A7F4-432A-B944-A3A71ABAC23C}.AppStore|iPhoneSimulator.ActiveCfg = Release|Any CPU
		{B461033F-A7F4-432A-B944-A3A71ABAC23C}.AppStore|iPhoneSimulator.Build.0 = Release|Any CPU
		{B461033F-A7F4-432A-B944-A3A71ABAC23C}.AppStore|iPhoneSimulator.Deploy.0 = Release|Any CPU
		{B461033F-A7F4-432A-B944-A3A71ABAC23C}.AppStore|x64.ActiveCfg = Release|Any CPU
		{B461033F-A7F4-432A-B944-A3A71ABAC23C}.AppStore|x64.Build.0 = Release|Any CPU
		{B461033F-A7F4-432A-B944-A3A71ABAC23C}.AppStore|x64.Deploy.0 = Release|Any CPU
		{B461033F-A7F4-432A-B944-A3A71ABAC23C}.AppStore|x86.ActiveCfg = Release|x86
		{B461033F-A7F4-432A-B944-A3A71ABAC23C}.AppStore|x86.Build.0 = Release|x86
		{B461033F-A7F4-432A-B944-A3A71ABAC23C}.AppStore|x86.Deploy.0 = Release|x86
		{B461033F-A7F4-432A-B944-A3A71ABAC23C}.Debug|Any CPU.ActiveCfg = Debug|Any CPU
		{B461033F-A7F4-432A-B944-A3A71ABAC23C}.Debug|Any CPU.Build.0 = Debug|Any CPU
		{B461033F-A7F4-432A-B944-A3A71ABAC23C}.Debug|Any CPU.Deploy.0 = Debug|Any CPU
		{B461033F-A7F4-432A-B944-A3A71ABAC23C}.Debug|ARM.ActiveCfg = Debug|ARM
		{B461033F-A7F4-432A-B944-A3A71ABAC23C}.Debug|ARM.Build.0 = Debug|ARM
		{B461033F-A7F4-432A-B944-A3A71ABAC23C}.Debug|ARM.Deploy.0 = Debug|ARM
		{B461033F-A7F4-432A-B944-A3A71ABAC23C}.Debug|iPhone.ActiveCfg = Debug|Any CPU
		{B461033F-A7F4-432A-B944-A3A71ABAC23C}.Debug|iPhone.Build.0 = Debug|Any CPU
		{B461033F-A7F4-432A-B944-A3A71ABAC23C}.Debug|iPhone.Deploy.0 = Debug|Any CPU
		{B461033F-A7F4-432A-B944-A3A71ABAC23C}.Debug|iPhoneSimulator.ActiveCfg = Debug|Any CPU
		{B461033F-A7F4-432A-B944-A3A71ABAC23C}.Debug|iPhoneSimulator.Build.0 = Debug|Any CPU
		{B461033F-A7F4-432A-B944-A3A71ABAC23C}.Debug|iPhoneSimulator.Deploy.0 = Debug|Any CPU
		{B461033F-A7F4-432A-B944-A3A71ABAC23C}.Debug|x64.ActiveCfg = Debug|Any CPU
		{B461033F-A7F4-432A-B944-A3A71ABAC23C}.Debug|x64.Build.0 = Debug|Any CPU
		{B461033F-A7F4-432A-B944-A3A71ABAC23C}.Debug|x64.Deploy.0 = Debug|Any CPU
		{B461033F-A7F4-432A-B944-A3A71ABAC23C}.Debug|x86.ActiveCfg = Debug|x86
		{B461033F-A7F4-432A-B944-A3A71ABAC23C}.Debug|x86.Build.0 = Debug|x86
		{B461033F-A7F4-432A-B944-A3A71ABAC23C}.Debug|x86.Deploy.0 = Debug|x86
		{B461033F-A7F4-432A-B944-A3A71ABAC23C}.Release|Any CPU.ActiveCfg = Release|Any CPU
		{B461033F-A7F4-432A-B944-A3A71ABAC23C}.Release|Any CPU.Build.0 = Release|Any CPU
		{B461033F-A7F4-432A-B944-A3A71ABAC23C}.Release|Any CPU.Deploy.0 = Release|Any CPU
		{B461033F-A7F4-432A-B944-A3A71ABAC23C}.Release|ARM.ActiveCfg = Release|ARM
		{B461033F-A7F4-432A-B944-A3A71ABAC23C}.Release|ARM.Build.0 = Release|ARM
		{B461033F-A7F4-432A-B944-A3A71ABAC23C}.Release|ARM.Deploy.0 = Release|ARM
		{B461033F-A7F4-432A-B944-A3A71ABAC23C}.Release|iPhone.ActiveCfg = Release|Any CPU
		{B461033F-A7F4-432A-B944-A3A71ABAC23C}.Release|iPhone.Build.0 = Release|Any CPU
		{B461033F-A7F4-432A-B944-A3A71ABAC23C}.Release|iPhone.Deploy.0 = Release|Any CPU
		{B461033F-A7F4-432A-B944-A3A71ABAC23C}.Release|iPhoneSimulator.ActiveCfg = Release|Any CPU
		{B461033F-A7F4-432A-B944-A3A71ABAC23C}.Release|iPhoneSimulator.Build.0 = Release|Any CPU
		{B461033F-A7F4-432A-B944-A3A71ABAC23C}.Release|iPhoneSimulator.Deploy.0 = Release|Any CPU
		{B461033F-A7F4-432A-B944-A3A71ABAC23C}.Release|x64.ActiveCfg = Release|Any CPU
		{B461033F-A7F4-432A-B944-A3A71ABAC23C}.Release|x64.Build.0 = Release|Any CPU
		{B461033F-A7F4-432A-B944-A3A71ABAC23C}.Release|x64.Deploy.0 = Release|Any CPU
		{B461033F-A7F4-432A-B944-A3A71ABAC23C}.Release|x86.ActiveCfg = Release|x86
		{B461033F-A7F4-432A-B944-A3A71ABAC23C}.Release|x86.Build.0 = Release|x86
		{B461033F-A7F4-432A-B944-A3A71ABAC23C}.Release|x86.Deploy.0 = Release|x86
		{57193440-8670-4B74-9825-E126BE4F2A57}.Ad-Hoc|Any CPU.ActiveCfg = Release|x86
		{57193440-8670-4B74-9825-E126BE4F2A57}.Ad-Hoc|Any CPU.Build.0 = Release|x86
		{57193440-8670-4B74-9825-E126BE4F2A57}.Ad-Hoc|Any CPU.Deploy.0 = Release|x86
		{57193440-8670-4B74-9825-E126BE4F2A57}.Ad-Hoc|ARM.ActiveCfg = Release|ARM
		{57193440-8670-4B74-9825-E126BE4F2A57}.Ad-Hoc|ARM.Build.0 = Release|ARM
		{57193440-8670-4B74-9825-E126BE4F2A57}.Ad-Hoc|ARM.Deploy.0 = Release|ARM
		{57193440-8670-4B74-9825-E126BE4F2A57}.Ad-Hoc|iPhone.ActiveCfg = Release|x86
		{57193440-8670-4B74-9825-E126BE4F2A57}.Ad-Hoc|iPhone.Build.0 = Release|x86
		{57193440-8670-4B74-9825-E126BE4F2A57}.Ad-Hoc|iPhone.Deploy.0 = Release|x86
		{57193440-8670-4B74-9825-E126BE4F2A57}.Ad-Hoc|iPhoneSimulator.ActiveCfg = Release|x86
		{57193440-8670-4B74-9825-E126BE4F2A57}.Ad-Hoc|iPhoneSimulator.Build.0 = Release|x86
		{57193440-8670-4B74-9825-E126BE4F2A57}.Ad-Hoc|iPhoneSimulator.Deploy.0 = Release|x86
		{57193440-8670-4B74-9825-E126BE4F2A57}.Ad-Hoc|x64.ActiveCfg = Release|x64
		{57193440-8670-4B74-9825-E126BE4F2A57}.Ad-Hoc|x64.Build.0 = Release|x64
		{57193440-8670-4B74-9825-E126BE4F2A57}.Ad-Hoc|x64.Deploy.0 = Release|x64
		{57193440-8670-4B74-9825-E126BE4F2A57}.Ad-Hoc|x86.ActiveCfg = Release|x86
		{57193440-8670-4B74-9825-E126BE4F2A57}.Ad-Hoc|x86.Build.0 = Release|x86
		{57193440-8670-4B74-9825-E126BE4F2A57}.Ad-Hoc|x86.Deploy.0 = Release|x86
		{57193440-8670-4B74-9825-E126BE4F2A57}.AppStore|Any CPU.ActiveCfg = Release|x86
		{57193440-8670-4B74-9825-E126BE4F2A57}.AppStore|Any CPU.Build.0 = Release|x86
		{57193440-8670-4B74-9825-E126BE4F2A57}.AppStore|Any CPU.Deploy.0 = Release|x86
		{57193440-8670-4B74-9825-E126BE4F2A57}.AppStore|ARM.ActiveCfg = Release|ARM
		{57193440-8670-4B74-9825-E126BE4F2A57}.AppStore|ARM.Build.0 = Release|ARM
		{57193440-8670-4B74-9825-E126BE4F2A57}.AppStore|ARM.Deploy.0 = Release|ARM
		{57193440-8670-4B74-9825-E126BE4F2A57}.AppStore|iPhone.ActiveCfg = Release|x86
		{57193440-8670-4B74-9825-E126BE4F2A57}.AppStore|iPhone.Build.0 = Release|x86
		{57193440-8670-4B74-9825-E126BE4F2A57}.AppStore|iPhone.Deploy.0 = Release|x86
		{57193440-8670-4B74-9825-E126BE4F2A57}.AppStore|iPhoneSimulator.ActiveCfg = Release|x86
		{57193440-8670-4B74-9825-E126BE4F2A57}.AppStore|iPhoneSimulator.Build.0 = Release|x86
		{57193440-8670-4B74-9825-E126BE4F2A57}.AppStore|iPhoneSimulator.Deploy.0 = Release|x86
		{57193440-8670-4B74-9825-E126BE4F2A57}.AppStore|x64.ActiveCfg = Release|x64
		{57193440-8670-4B74-9825-E126BE4F2A57}.AppStore|x64.Build.0 = Release|x64
		{57193440-8670-4B74-9825-E126BE4F2A57}.AppStore|x64.Deploy.0 = Release|x64
		{57193440-8670-4B74-9825-E126BE4F2A57}.AppStore|x86.ActiveCfg = Release|x86
		{57193440-8670-4B74-9825-E126BE4F2A57}.AppStore|x86.Build.0 = Release|x86
		{57193440-8670-4B74-9825-E126BE4F2A57}.AppStore|x86.Deploy.0 = Release|x86
		{57193440-8670-4B74-9825-E126BE4F2A57}.Debug|Any CPU.ActiveCfg = Debug|x86
		{57193440-8670-4B74-9825-E126BE4F2A57}.Debug|ARM.ActiveCfg = Debug|ARM
		{57193440-8670-4B74-9825-E126BE4F2A57}.Debug|ARM.Build.0 = Debug|ARM
		{57193440-8670-4B74-9825-E126BE4F2A57}.Debug|ARM.Deploy.0 = Debug|ARM
		{57193440-8670-4B74-9825-E126BE4F2A57}.Debug|iPhone.ActiveCfg = Debug|x86
		{57193440-8670-4B74-9825-E126BE4F2A57}.Debug|iPhoneSimulator.ActiveCfg = Debug|x86
		{57193440-8670-4B74-9825-E126BE4F2A57}.Debug|x64.ActiveCfg = Debug|x64
		{57193440-8670-4B74-9825-E126BE4F2A57}.Debug|x64.Build.0 = Debug|x64
		{57193440-8670-4B74-9825-E126BE4F2A57}.Debug|x64.Deploy.0 = Debug|x64
		{57193440-8670-4B74-9825-E126BE4F2A57}.Debug|x86.ActiveCfg = Debug|x86
		{57193440-8670-4B74-9825-E126BE4F2A57}.Debug|x86.Build.0 = Debug|x86
		{57193440-8670-4B74-9825-E126BE4F2A57}.Debug|x86.Deploy.0 = Debug|x86
		{57193440-8670-4B74-9825-E126BE4F2A57}.Release|Any CPU.ActiveCfg = Release|x86
		{57193440-8670-4B74-9825-E126BE4F2A57}.Release|ARM.ActiveCfg = Release|ARM
		{57193440-8670-4B74-9825-E126BE4F2A57}.Release|ARM.Build.0 = Release|ARM
		{57193440-8670-4B74-9825-E126BE4F2A57}.Release|ARM.Deploy.0 = Release|ARM
		{57193440-8670-4B74-9825-E126BE4F2A57}.Release|iPhone.ActiveCfg = Release|x86
		{57193440-8670-4B74-9825-E126BE4F2A57}.Release|iPhoneSimulator.ActiveCfg = Release|x86
		{57193440-8670-4B74-9825-E126BE4F2A57}.Release|x64.ActiveCfg = Release|x64
		{57193440-8670-4B74-9825-E126BE4F2A57}.Release|x64.Build.0 = Release|x64
		{57193440-8670-4B74-9825-E126BE4F2A57}.Release|x64.Deploy.0 = Release|x64
		{57193440-8670-4B74-9825-E126BE4F2A57}.Release|x86.ActiveCfg = Release|x86
		{57193440-8670-4B74-9825-E126BE4F2A57}.Release|x86.Build.0 = Release|x86
		{57193440-8670-4B74-9825-E126BE4F2A57}.Release|x86.Deploy.0 = Release|x86
		{0B899701-5C08-449D-9568-A3DC621B9CA8}.Ad-Hoc|Any CPU.ActiveCfg = Release|Any CPU
		{0B899701-5C08-449D-9568-A3DC621B9CA8}.Ad-Hoc|Any CPU.Build.0 = Release|Any CPU
		{0B899701-5C08-449D-9568-A3DC621B9CA8}.Ad-Hoc|Any CPU.Deploy.0 = Release|Any CPU
		{0B899701-5C08-449D-9568-A3DC621B9CA8}.Ad-Hoc|ARM.ActiveCfg = Release|ARM
		{0B899701-5C08-449D-9568-A3DC621B9CA8}.Ad-Hoc|ARM.Build.0 = Release|ARM
		{0B899701-5C08-449D-9568-A3DC621B9CA8}.Ad-Hoc|ARM.Deploy.0 = Release|ARM
		{0B899701-5C08-449D-9568-A3DC621B9CA8}.Ad-Hoc|iPhone.ActiveCfg = Release|Any CPU
		{0B899701-5C08-449D-9568-A3DC621B9CA8}.Ad-Hoc|iPhone.Build.0 = Release|Any CPU
		{0B899701-5C08-449D-9568-A3DC621B9CA8}.Ad-Hoc|iPhone.Deploy.0 = Release|Any CPU
		{0B899701-5C08-449D-9568-A3DC621B9CA8}.Ad-Hoc|iPhoneSimulator.ActiveCfg = Release|Any CPU
		{0B899701-5C08-449D-9568-A3DC621B9CA8}.Ad-Hoc|iPhoneSimulator.Build.0 = Release|Any CPU
		{0B899701-5C08-449D-9568-A3DC621B9CA8}.Ad-Hoc|iPhoneSimulator.Deploy.0 = Release|Any CPU
		{0B899701-5C08-449D-9568-A3DC621B9CA8}.Ad-Hoc|x64.ActiveCfg = Release|x64
		{0B899701-5C08-449D-9568-A3DC621B9CA8}.Ad-Hoc|x64.Build.0 = Release|x64
		{0B899701-5C08-449D-9568-A3DC621B9CA8}.Ad-Hoc|x64.Deploy.0 = Release|x64
		{0B899701-5C08-449D-9568-A3DC621B9CA8}.Ad-Hoc|x86.ActiveCfg = Release|x86
		{0B899701-5C08-449D-9568-A3DC621B9CA8}.Ad-Hoc|x86.Build.0 = Release|x86
		{0B899701-5C08-449D-9568-A3DC621B9CA8}.Ad-Hoc|x86.Deploy.0 = Release|x86
		{0B899701-5C08-449D-9568-A3DC621B9CA8}.AppStore|Any CPU.ActiveCfg = Release|Any CPU
		{0B899701-5C08-449D-9568-A3DC621B9CA8}.AppStore|Any CPU.Build.0 = Release|Any CPU
		{0B899701-5C08-449D-9568-A3DC621B9CA8}.AppStore|Any CPU.Deploy.0 = Release|Any CPU
		{0B899701-5C08-449D-9568-A3DC621B9CA8}.AppStore|ARM.ActiveCfg = Release|ARM
		{0B899701-5C08-449D-9568-A3DC621B9CA8}.AppStore|ARM.Build.0 = Release|ARM
		{0B899701-5C08-449D-9568-A3DC621B9CA8}.AppStore|ARM.Deploy.0 = Release|ARM
		{0B899701-5C08-449D-9568-A3DC621B9CA8}.AppStore|iPhone.ActiveCfg = Release|Any CPU
		{0B899701-5C08-449D-9568-A3DC621B9CA8}.AppStore|iPhone.Build.0 = Release|Any CPU
		{0B899701-5C08-449D-9568-A3DC621B9CA8}.AppStore|iPhone.Deploy.0 = Release|Any CPU
		{0B899701-5C08-449D-9568-A3DC621B9CA8}.AppStore|iPhoneSimulator.ActiveCfg = Release|Any CPU
		{0B899701-5C08-449D-9568-A3DC621B9CA8}.AppStore|iPhoneSimulator.Build.0 = Release|Any CPU
		{0B899701-5C08-449D-9568-A3DC621B9CA8}.AppStore|iPhoneSimulator.Deploy.0 = Release|Any CPU
		{0B899701-5C08-449D-9568-A3DC621B9CA8}.AppStore|x64.ActiveCfg = Release|x64
		{0B899701-5C08-449D-9568-A3DC621B9CA8}.AppStore|x64.Build.0 = Release|x64
		{0B899701-5C08-449D-9568-A3DC621B9CA8}.AppStore|x64.Deploy.0 = Release|x64
		{0B899701-5C08-449D-9568-A3DC621B9CA8}.AppStore|x86.ActiveCfg = Release|x86
		{0B899701-5C08-449D-9568-A3DC621B9CA8}.AppStore|x86.Build.0 = Release|x86
		{0B899701-5C08-449D-9568-A3DC621B9CA8}.AppStore|x86.Deploy.0 = Release|x86
		{0B899701-5C08-449D-9568-A3DC621B9CA8}.Debug|Any CPU.ActiveCfg = Debug|Any CPU
		{0B899701-5C08-449D-9568-A3DC621B9CA8}.Debug|Any CPU.Build.0 = Debug|Any CPU
		{0B899701-5C08-449D-9568-A3DC621B9CA8}.Debug|Any CPU.Deploy.0 = Debug|Any CPU
		{0B899701-5C08-449D-9568-A3DC621B9CA8}.Debug|ARM.ActiveCfg = Debug|ARM
		{0B899701-5C08-449D-9568-A3DC621B9CA8}.Debug|ARM.Build.0 = Debug|ARM
		{0B899701-5C08-449D-9568-A3DC621B9CA8}.Debug|ARM.Deploy.0 = Debug|ARM
		{0B899701-5C08-449D-9568-A3DC621B9CA8}.Debug|iPhone.ActiveCfg = Debug|Any CPU
		{0B899701-5C08-449D-9568-A3DC621B9CA8}.Debug|iPhone.Build.0 = Debug|Any CPU
		{0B899701-5C08-449D-9568-A3DC621B9CA8}.Debug|iPhone.Deploy.0 = Debug|Any CPU
		{0B899701-5C08-449D-9568-A3DC621B9CA8}.Debug|iPhoneSimulator.ActiveCfg = Debug|Any CPU
		{0B899701-5C08-449D-9568-A3DC621B9CA8}.Debug|iPhoneSimulator.Build.0 = Debug|Any CPU
		{0B899701-5C08-449D-9568-A3DC621B9CA8}.Debug|iPhoneSimulator.Deploy.0 = Debug|Any CPU
		{0B899701-5C08-449D-9568-A3DC621B9CA8}.Debug|x64.ActiveCfg = Debug|x64
		{0B899701-5C08-449D-9568-A3DC621B9CA8}.Debug|x64.Build.0 = Debug|x64
		{0B899701-5C08-449D-9568-A3DC621B9CA8}.Debug|x64.Deploy.0 = Debug|x64
		{0B899701-5C08-449D-9568-A3DC621B9CA8}.Debug|x86.ActiveCfg = Debug|x86
		{0B899701-5C08-449D-9568-A3DC621B9CA8}.Debug|x86.Build.0 = Debug|x86
		{0B899701-5C08-449D-9568-A3DC621B9CA8}.Debug|x86.Deploy.0 = Debug|x86
		{0B899701-5C08-449D-9568-A3DC621B9CA8}.Release|Any CPU.ActiveCfg = Release|Any CPU
		{0B899701-5C08-449D-9568-A3DC621B9CA8}.Release|Any CPU.Build.0 = Release|Any CPU
		{0B899701-5C08-449D-9568-A3DC621B9CA8}.Release|Any CPU.Deploy.0 = Release|Any CPU
		{0B899701-5C08-449D-9568-A3DC621B9CA8}.Release|ARM.ActiveCfg = Release|ARM
		{0B899701-5C08-449D-9568-A3DC621B9CA8}.Release|ARM.Build.0 = Release|ARM
		{0B899701-5C08-449D-9568-A3DC621B9CA8}.Release|ARM.Deploy.0 = Release|ARM
		{0B899701-5C08-449D-9568-A3DC621B9CA8}.Release|iPhone.ActiveCfg = Release|Any CPU
		{0B899701-5C08-449D-9568-A3DC621B9CA8}.Release|iPhone.Build.0 = Release|Any CPU
		{0B899701-5C08-449D-9568-A3DC621B9CA8}.Release|iPhone.Deploy.0 = Release|Any CPU
		{0B899701-5C08-449D-9568-A3DC621B9CA8}.Release|iPhoneSimulator.ActiveCfg = Release|Any CPU
		{0B899701-5C08-449D-9568-A3DC621B9CA8}.Release|iPhoneSimulator.Build.0 = Release|Any CPU
		{0B899701-5C08-449D-9568-A3DC621B9CA8}.Release|iPhoneSimulator.Deploy.0 = Release|Any CPU
		{0B899701-5C08-449D-9568-A3DC621B9CA8}.Release|x64.ActiveCfg = Release|x64
		{0B899701-5C08-449D-9568-A3DC621B9CA8}.Release|x64.Build.0 = Release|x64
		{0B899701-5C08-449D-9568-A3DC621B9CA8}.Release|x64.Deploy.0 = Release|x64
		{0B899701-5C08-449D-9568-A3DC621B9CA8}.Release|x86.ActiveCfg = Release|x86
		{0B899701-5C08-449D-9568-A3DC621B9CA8}.Release|x86.Build.0 = Release|x86
		{0B899701-5C08-449D-9568-A3DC621B9CA8}.Release|x86.Deploy.0 = Release|x86
	EndGlobalSection
	GlobalSection(SolutionProperties) = preSolution
		HideSolutionNode = FALSE
	EndGlobalSection
EndGlobal
